
Microsoft Visual Studio Solution File, Format Version 12.00
# Visual Studio 15
VisualStudioVersion = 15.0.28010.2050
MinimumVisualStudioVersion = 10.0.40219.1
Project("{FAE04EC0-301F-11D3-BF4B-00C04F79EFBC}") = "SC4Parser", "SC4Parser\SC4Parser.csproj", "{06EB8CFF-D61C-4B37-990C-1B2FA1B70048}"
EndProject
Project("{FAE04EC0-301F-11D3-BF4B-00C04F79EFBC}") = "SC4Cartographer", "SC4Cartographer\SC4Cartographer.csproj", "{74945F4E-5BA5-4551-9EA3-8BC23F84F3A6}"
EndProject
Global
	GlobalSection(SolutionConfigurationPlatforms) = preSolution
		Debug|Any CPU = Debug|Any CPU
		Release|Any CPU = Release|Any CPU
	EndGlobalSection
	GlobalSection(ProjectConfigurationPlatforms) = postSolution
		{06EB8CFF-D61C-4B37-990C-1B2FA1B70048}.Debug|Any CPU.ActiveCfg = Debug|Any CPU
		{06EB8CFF-D61C-4B37-990C-1B2FA1B70048}.Debug|Any CPU.Build.0 = Debug|Any CPU
		{06EB8CFF-D61C-4B37-990C-1B2FA1B70048}.Release|Any CPU.ActiveCfg = Release|Any CPU
		{06EB8CFF-D61C-4B37-990C-1B2FA1B70048}.Release|Any CPU.Build.0 = Release|Any CPU
		{74945F4E-5BA5-4551-9EA3-8BC23F84F3A6}.Debug|Any CPU.ActiveCfg = Debug|Any CPU
		{74945F4E-5BA5-4551-9EA3-8BC23F84F3A6}.Debug|Any CPU.Build.0 = Debug|Any CPU
		{74945F4E-5BA5-4551-9EA3-8BC23F84F3A6}.Release|Any CPU.ActiveCfg = Release|Any CPU
		{74945F4E-5BA5-4551-9EA3-8BC23F84F3A6}.Release|Any CPU.Build.0 = Release|Any CPU
	EndGlobalSection
	GlobalSection(SolutionProperties) = preSolution
		HideSolutionNode = FALSE
	EndGlobalSection
	GlobalSection(ExtensibilityGlobals) = postSolution
		SolutionGuid = {6F933C6E-150D-4334-9E5D-BB5718279449}
	EndGlobalSection
EndGlobal
